
Microsoft Visual Studio Solution File, Format Version 12.00
# Visual Studio 14
VisualStudioVersion = 14.0.25420.1
MinimumVisualStudioVersion = 10.0.40219.1
Project("{FAE04EC0-301F-11D3-BF4B-00C04F79EFBC}") = "DTRC.Android", "DTRC\DTRC.Android\DTRC.Android.csproj", "{D17127B3-A992-471F-9B16-6E9FA91A4BD0}"
EndProject
Project("{FAE04EC0-301F-11D3-BF4B-00C04F79EFBC}") = "DTRC", "DTRC\DTRC\DTRC.csproj", "{74813FD7-E820-4C5D-9AF0-709303AD027D}"
EndProject
Project("{FAE04EC0-301F-11D3-BF4B-00C04F79EFBC}") = "DTRC.iOS", "DTRC\DTRC.iOS\DTRC.iOS.csproj", "{3C5AAC33-0865-496D-82DE-66AA51AF69C8}"
EndProject
Global
	GlobalSection(SolutionConfigurationPlatforms) = preSolution
		Ad-Hoc|Any CPU = Ad-Hoc|Any CPU
		Ad-Hoc|iPhone = Ad-Hoc|iPhone
		Ad-Hoc|iPhoneSimulator = Ad-Hoc|iPhoneSimulator
		AppStore|Any CPU = AppStore|Any CPU
		AppStore|iPhone = AppStore|iPhone
		AppStore|iPhoneSimulator = AppStore|iPhoneSimulator
		Debug|Any CPU = Debug|Any CPU
		Debug|iPhone = Debug|iPhone
		Debug|iPhoneSimulator = Debug|iPhoneSimulator
		Release|Any CPU = Release|Any CPU
		Release|iPhone = Release|iPhone
		Release|iPhoneSimulator = Release|iPhoneSimulator
	EndGlobalSection
	GlobalSection(ProjectConfigurationPlatforms) = postSolution
		{D17127B3-A992-471F-9B16-6E9FA91A4BD0}.Ad-Hoc|Any CPU.ActiveCfg = Release|Any CPU
		{D17127B3-A992-471F-9B16-6E9FA91A4BD0}.Ad-Hoc|Any CPU.Build.0 = Release|Any CPU
		{D17127B3-A992-471F-9B16-6E9FA91A4BD0}.Ad-Hoc|Any CPU.Deploy.0 = Release|Any CPU
		{D17127B3-A992-471F-9B16-6E9FA91A4BD0}.Ad-Hoc|iPhone.ActiveCfg = Release|Any CPU
		{D17127B3-A992-471F-9B16-6E9FA91A4BD0}.Ad-Hoc|iPhone.Build.0 = Release|Any CPU
		{D17127B3-A992-471F-9B16-6E9FA91A4BD0}.Ad-Hoc|iPhone.Deploy.0 = Release|Any CPU
		{D17127B3-A992-471F-9B16-6E9FA91A4BD0}.Ad-Hoc|iPhoneSimulator.ActiveCfg = Release|Any CPU
		{D17127B3-A992-471F-9B16-6E9FA91A4BD0}.Ad-Hoc|iPhoneSimulator.Build.0 = Release|Any CPU
		{D17127B3-A992-471F-9B16-6E9FA91A4BD0}.Ad-Hoc|iPhoneSimulator.Deploy.0 = Release|Any CPU
		{D17127B3-A992-471F-9B16-6E9FA91A4BD0}.AppStore|Any CPU.ActiveCfg = Release|Any CPU
		{D17127B3-A992-471F-9B16-6E9FA91A4BD0}.AppStore|Any CPU.Build.0 = Release|Any CPU
		{D17127B3-A992-471F-9B16-6E9FA91A4BD0}.AppStore|Any CPU.Deploy.0 = Release|Any CPU
		{D17127B3-A992-471F-9B16-6E9FA91A4BD0}.AppStore|iPhone.ActiveCfg = Release|Any CPU
		{D17127B3-A992-471F-9B16-6E9FA91A4BD0}.AppStore|iPhone.Build.0 = Release|Any CPU
		{D17127B3-A992-471F-9B16-6E9FA91A4BD0}.AppStore|iPhone.Deploy.0 = Release|Any CPU
		{D17127B3-A992-471F-9B16-6E9FA91A4BD0}.AppStore|iPhoneSimulator.ActiveCfg = Release|Any CPU
		{D17127B3-A992-471F-9B16-6E9FA91A4BD0}.AppStore|iPhoneSimulator.Build.0 = Release|Any CPU
		{D17127B3-A992-471F-9B16-6E9FA91A4BD0}.AppStore|iPhoneSimulator.Deploy.0 = Release|Any CPU
		{D17127B3-A992-471F-9B16-6E9FA91A4BD0}.Debug|Any CPU.ActiveCfg = Debug|Any CPU
		{D17127B3-A992-471F-9B16-6E9FA91A4BD0}.Debug|Any CPU.Build.0 = Debug|Any CPU
		{D17127B3-A992-471F-9B16-6E9FA91A4BD0}.Debug|Any CPU.Deploy.0 = Debug|Any CPU
		{D17127B3-A992-471F-9B16-6E9FA91A4BD0}.Debug|iPhone.ActiveCfg = Debug|Any CPU
		{D17127B3-A992-471F-9B16-6E9FA91A4BD0}.Debug|iPhone.Build.0 = Debug|Any CPU
		{D17127B3-A992-471F-9B16-6E9FA91A4BD0}.Debug|iPhone.Deploy.0 = Debug|Any CPU
		{D17127B3-A992-471F-9B16-6E9FA91A4BD0}.Debug|iPhoneSimulator.ActiveCfg = Debug|Any CPU
		{D17127B3-A992-471F-9B16-6E9FA91A4BD0}.Debug|iPhoneSimulator.Build.0 = Debug|Any CPU
		{D17127B3-A992-471F-9B16-6E9FA91A4BD0}.Debug|iPhoneSimulator.Deploy.0 = Debug|Any CPU
		{D17127B3-A992-471F-9B16-6E9FA91A4BD0}.Release|Any CPU.ActiveCfg = Release|Any CPU
		{D17127B3-A992-471F-9B16-6E9FA91A4BD0}.Release|Any CPU.Build.0 = Release|Any CPU
		{D17127B3-A992-471F-9B16-6E9FA91A4BD0}.Release|Any CPU.Deploy.0 = Release|Any CPU
		{D17127B3-A992-471F-9B16-6E9FA91A4BD0}.Release|iPhone.ActiveCfg = Release|Any CPU
		{D17127B3-A992-471F-9B16-6E9FA91A4BD0}.Release|iPhone.Build.0 = Release|Any CPU
		{D17127B3-A992-471F-9B16-6E9FA91A4BD0}.Release|iPhone.Deploy.0 = Release|Any CPU
		{D17127B3-A992-471F-9B16-6E9FA91A4BD0}.Release|iPhoneSimulator.ActiveCfg = Release|Any CPU
		{D17127B3-A992-471F-9B16-6E9FA91A4BD0}.Release|iPhoneSimulator.Build.0 = Release|Any CPU
		{D17127B3-A992-471F-9B16-6E9FA91A4BD0}.Release|iPhoneSimulator.Deploy.0 = Release|Any CPU
		{74813FD7-E820-4C5D-9AF0-709303AD027D}.Ad-Hoc|Any CPU.ActiveCfg = Release|Any CPU
		{74813FD7-E820-4C5D-9AF0-709303AD027D}.Ad-Hoc|Any CPU.Build.0 = Release|Any CPU
		{74813FD7-E820-4C5D-9AF0-709303AD027D}.Ad-Hoc|iPhone.ActiveCfg = Release|Any CPU
		{74813FD7-E820-4C5D-9AF0-709303AD027D}.Ad-Hoc|iPhone.Build.0 = Release|Any CPU
		{74813FD7-E820-4C5D-9AF0-709303AD027D}.Ad-Hoc|iPhoneSimulator.ActiveCfg = Release|Any CPU
		{74813FD7-E820-4C5D-9AF0-709303AD027D}.Ad-Hoc|iPhoneSimulator.Build.0 = Release|Any CPU
		{74813FD7-E820-4C5D-9AF0-709303AD027D}.AppStore|Any CPU.ActiveCfg = Release|Any CPU
		{74813FD7-E820-4C5D-9AF0-709303AD027D}.AppStore|Any CPU.Build.0 = Release|Any CPU
		{74813FD7-E820-4C5D-9AF0-709303AD027D}.AppStore|iPhone.ActiveCfg = Release|Any CPU
		{74813FD7-E820-4C5D-9AF0-709303AD027D}.AppStore|iPhone.Build.0 = Release|Any CPU
		{74813FD7-E820-4C5D-9AF0-709303AD027D}.AppStore|iPhoneSimulator.ActiveCfg = Release|Any CPU
		{74813FD7-E820-4C5D-9AF0-709303AD027D}.AppStore|iPhoneSimulator.Build.0 = Release|Any CPU
		{74813FD7-E820-4C5D-9AF0-709303AD027D}.Debug|Any CPU.ActiveCfg = Debug|Any CPU
		{74813FD7-E820-4C5D-9AF0-709303AD027D}.Debug|Any CPU.Build.0 = Debug|Any CPU
		{74813FD7-E820-4C5D-9AF0-709303AD027D}.Debug|iPhone.ActiveCfg = Debug|Any CPU
		{74813FD7-E820-4C5D-9AF0-709303AD027D}.Debug|iPhone.Build.0 = Debug|Any CPU
		{74813FD7-E820-4C5D-9AF0-709303AD027D}.Debug|iPhoneSimulator.ActiveCfg = Debug|Any CPU
		{74813FD7-E820-4C5D-9AF0-709303AD027D}.Debug|iPhoneSimulator.Build.0 = Debug|Any CPU
		{74813FD7-E820-4C5D-9AF0-709303AD027D}.Release|Any CPU.ActiveCfg = Release|Any CPU
		{74813FD7-E820-4C5D-9AF0-709303AD027D}.Release|Any CPU.Build.0 = Release|Any CPU
		{74813FD7-E820-4C5D-9AF0-709303AD027D}.Release|iPhone.ActiveCfg = Release|Any CPU
		{74813FD7-E820-4C5D-9AF0-709303AD027D}.Release|iPhone.Build.0 = Release|Any CPU
		{74813FD7-E820-4C5D-9AF0-709303AD027D}.Release|iPhoneSimulator.ActiveCfg = Release|Any CPU
		{74813FD7-E820-4C5D-9AF0-709303AD027D}.Release|iPhoneSimulator.Build.0 = Release|Any CPU
		{3C5AAC33-0865-496D-82DE-66AA51AF69C8}.Ad-Hoc|Any CPU.ActiveCfg = Ad-Hoc|iPhone
		{3C5AAC33-0865-496D-82DE-66AA51AF69C8}.Ad-Hoc|iPhone.ActiveCfg = Ad-Hoc|iPhone
		{3C5AAC33-0865-496D-82DE-66AA51AF69C8}.Ad-Hoc|iPhone.Build.0 = Ad-Hoc|iPhone
		{3C5AAC33-0865-496D-82DE-66AA51AF69C8}.Ad-Hoc|iPhoneSimulator.ActiveCfg = Ad-Hoc|iPhoneSimulator
		{3C5AAC33-0865-496D-82DE-66AA51AF69C8}.Ad-Hoc|iPhoneSimulator.Build.0 = Ad-Hoc|iPhoneSimulator
		{3C5AAC33-0865-496D-82DE-66AA51AF69C8}.AppStore|Any CPU.ActiveCfg = AppStore|iPhone
		{3C5AAC33-0865-496D-82DE-66AA51AF69C8}.AppStore|iPhone.ActiveCfg = AppStore|iPhone
		{3C5AAC33-0865-496D-82DE-66AA51AF69C8}.AppStore|iPhone.Build.0 = AppStore|iPhone
		{3C5AAC33-0865-496D-82DE-66AA51AF69C8}.AppStore|iPhoneSimulator.ActiveCfg = AppStore|iPhoneSimulator
		{3C5AAC33-0865-496D-82DE-66AA51AF69C8}.AppStore|iPhoneSimulator.Build.0 = AppStore|iPhoneSimulator
		{3C5AAC33-0865-496D-82DE-66AA51AF69C8}.Debug|Any CPU.ActiveCfg = Debug|iPhone
		{3C5AAC33-0865-496D-82DE-66AA51AF69C8}.Debug|iPhone.ActiveCfg = Debug|iPhone
		{3C5AAC33-0865-496D-82DE-66AA51AF69C8}.Debug|iPhone.Build.0 = Debug|iPhone
		{3C5AAC33-0865-496D-82DE-66AA51AF69C8}.Debug|iPhoneSimulator.ActiveCfg = Debug|iPhoneSimulator
		{3C5AAC33-0865-496D-82DE-66AA51AF69C8}.Debug|iPhoneSimulator.Build.0 = Debug|iPhoneSimulator
		{3C5AAC33-0865-496D-82DE-66AA51AF69C8}.Release|Any CPU.ActiveCfg = Release|iPhone
		{3C5AAC33-0865-496D-82DE-66AA51AF69C8}.Release|iPhone.ActiveCfg = Release|iPhone
		{3C5AAC33-0865-496D-82DE-66AA51AF69C8}.Release|iPhone.Build.0 = Release|iPhone
		{3C5AAC33-0865-496D-82DE-66AA51AF69C8}.Release|iPhoneSimulator.ActiveCfg = Release|iPhoneSimulator
		{3C5AAC33-0865-496D-82DE-66AA51AF69C8}.Release|iPhoneSimulator.Build.0 = Release|iPhoneSimulator
	EndGlobalSection
	GlobalSection(SolutionProperties) = preSolution
		HideSolutionNode = FALSE
	EndGlobalSection
EndGlobal
